
Microsoft Visual Studio Solution File, Format Version 12.00
# Visual Studio Version 16
VisualStudioVersion = 16.0.28803.352
MinimumVisualStudioVersion = 10.0.40219.1
Project("{FAE04EC0-301F-11D3-BF4B-00C04F79EFBC}") = "WorkTab", "WorkTab.csproj", "{5C909B0F-E82A-46B1-AE39-E56285B236A2}"
EndProject
Global
	GlobalSection(SolutionConfigurationPlatforms) = preSolution
		Debug|Any CPU = Debug|Any CPU
		Release|Any CPU = Release|Any CPU
	EndGlobalSection
	GlobalSection(ProjectConfigurationPlatforms) = postSolution
		{5C909B0F-E82A-46B1-AE39-E56285B236A2}.Debug|Any CPU.ActiveCfg = Debug|Any CPU
		{5C909B0F-E82A-46B1-AE39-E56285B236A2}.Debug|Any CPU.Build.0 = Debug|Any CPU
		{5C909B0F-E82A-46B1-AE39-E56285B236A2}.Release|Any CPU.ActiveCfg = Release|Any CPU
		{5C909B0F-E82A-46B1-AE39-E56285B236A2}.Release|Any CPU.Build.0 = Release|Any CPU
	EndGlobalSection
	GlobalSection(SolutionProperties) = preSolution
		HideSolutionNode = FALSE
	EndGlobalSection
	GlobalSection(ExtensibilityGlobals) = postSolution
		SolutionGuid = {51452E04-8A4E-4166-9713-6B1B9CB12ED4}
	EndGlobalSection
EndGlobal
